
Microsoft Visual Studio Solution File, Format Version 12.00
# Visual Studio Version 17
VisualStudioVersion = 17.0.31903.59
MinimumVisualStudioVersion = 10.0.40219.1
Project("{FAE04EC0-301F-11D3-BF4B-00C04F79EFBC}") = "WsIPC", "WsIPC\WsIPC.csproj", "{3C3CE6DA-A012-4FFB-8AD1-9EEB32336161}"
EndProject
Global
	GlobalSection(SolutionConfigurationPlatforms) = preSolution
		Debug|Any CPU = Debug|Any CPU
		Release|Any CPU = Release|Any CPU
	EndGlobalSection
	GlobalSection(ProjectConfigurationPlatforms) = postSolution
		{3C3CE6DA-A012-4FFB-8AD1-9EEB32336161}.Debug|Any CPU.ActiveCfg = Debug|Any CPU
		{3C3CE6DA-A012-4FFB-8AD1-9EEB32336161}.Debug|Any CPU.Build.0 = Debug|Any CPU
		{3C3CE6DA-A012-4FFB-8AD1-9EEB32336161}.Release|Any CPU.ActiveCfg = Release|Any CPU
		{3C3CE6DA-A012-4FFB-8AD1-9EEB32336161}.Release|Any CPU.Build.0 = Release|Any CPU
	EndGlobalSection
	GlobalSection(SolutionProperties) = preSolution
		HideSolutionNode = FALSE
	EndGlobalSection
	GlobalSection(ExtensibilityGlobals) = postSolution
		SolutionGuid = {6CAA06D1-B70B-47D5-BF9C-266081F4CD37}
	EndGlobalSection
EndGlobal
